
Microsoft Visual Studio Solution File, Format Version 12.00
# Visual Studio Version 17
VisualStudioVersion = 17.2.32505.173
MinimumVisualStudioVersion = 10.0.40219.1
Project("{FAE04EC0-301F-11D3-BF4B-00C04F79EFBC}") = "ConferenceSoftNETRemoting", "ConferenceSoftNETRemoting\ConferenceSoftNETRemoting.csproj", "{A7748293-457A-42B8-BFA7-9E3800E6BA82}"
EndProject
Project("{FAE04EC0-301F-11D3-BF4B-00C04F79EFBC}") = "ConferenceSoftModel", "ConferenceSoftModel\ConferenceSoftModel.csproj", "{D035660F-AE36-46E3-BB43-65FBA5E0D871}"
EndProject
Global
	GlobalSection(SolutionConfigurationPlatforms) = preSolution
		Debug|Any CPU = Debug|Any CPU
		Release|Any CPU = Release|Any CPU
	EndGlobalSection
	GlobalSection(ProjectConfigurationPlatforms) = postSolution
		{A7748293-457A-42B8-BFA7-9E3800E6BA82}.Debug|Any CPU.ActiveCfg = Debug|Any CPU
		{A7748293-457A-42B8-BFA7-9E3800E6BA82}.Debug|Any CPU.Build.0 = Debug|Any CPU
		{A7748293-457A-42B8-BFA7-9E3800E6BA82}.Release|Any CPU.ActiveCfg = Release|Any CPU
		{A7748293-457A-42B8-BFA7-9E3800E6BA82}.Release|Any CPU.Build.0 = Release|Any CPU
		{D035660F-AE36-46E3-BB43-65FBA5E0D871}.Debug|Any CPU.ActiveCfg = Debug|Any CPU
		{D035660F-AE36-46E3-BB43-65FBA5E0D871}.Debug|Any CPU.Build.0 = Debug|Any CPU
		{D035660F-AE36-46E3-BB43-65FBA5E0D871}.Release|Any CPU.ActiveCfg = Release|Any CPU
		{D035660F-AE36-46E3-BB43-65FBA5E0D871}.Release|Any CPU.Build.0 = Release|Any CPU
	EndGlobalSection
	GlobalSection(SolutionProperties) = preSolution
		HideSolutionNode = FALSE
	EndGlobalSection
	GlobalSection(ExtensibilityGlobals) = postSolution
		SolutionGuid = {D215F77E-4131-46DE-91C6-8145372062B3}
	EndGlobalSection
EndGlobal
